github.com/cdvelop/api v0.0.79 h1:UauQVZe3oMN9DanFShRs+vpB32IsJifHknF7YW/NnKQ=
github.com/cdvelop/cutkey v1.0.1 h1:ENcBzTYYGI0bBDl0bcJC17i9u9SHRWxuLpSN3iutqYg=
github.com/cdvelop/dbtools v0.0.70 h1:Ox994JZzx8a4TGEFc7wdmbcF28wt1R/ZygYc/qStLek=
github.com/cdvelop/fetchserver v0.0.15 h1:GXNrthgAMgIoDS1UgKYm7EslPgzwQdiQ7DET3p0U/ao=
github.com/cdvelop/fileinput v0.0.47 h1:GfSF2pM3QoQ32B8MPRXQZoPU5UUVRw19gnoz0+npFxM=
github.com/cdvelop/logserver v0.0.15 h1:9kquLzH0roxImBaCr8p8ndOrzL+Dg+rvBnyEM9cXPHk=
github.com/cdvelop/objectdb v0.0.96 h1:7rHMMahoQuhP0XzCWXAHqakkL7/k1FuwdJzDDky/o6A=
github.com/cdvelop/output v0.0.16 h1:4hmAy0kF98dVEWj2qq6fMtiq3pz1ZTDmxf9AgHiBb7g=
github.com/cdvelop/sqlite v0.0.88 h1:1pSDWrpwvmFFuRJlzFv30+6vV4voWYjH6i6uMn2j0v0=
github.com/cdvelop/testools v0.0.61 h1:ysV5sbcTXBZMk/6XiIFVwx+X41ZPLa7YXE++AxOZY8w=
github.com/cdvelop/timeserver v0.0.29 h1:2yfoQfHgjDP6UzXSfdVcSgYyfT2Li1X/Y69sqG4LM0w=
github.com/gabriel-vasile/mimetype v1.4.3 h1:in2uUcidCuFcDKtdcBxlR0rJ1+fsokWf+uqxgUFjbI0=
github.com/gabriel-vasile/mimetype v1.4.3/go.mod h1:d8uq/6HKRL6CGdk+aubisF/M5GcPfT7nKyLpA0lbSSk=
github.com/mattn/go-sqlite3 v1.14.18 h1:JL0eqdCOq6DJVNPSvArO/bIV9/P7fbGrV00LZHc+5aI=
golang.org/x/net v0.19.0 h1:zTwKpTd2XuCqf8huc7Fo2iSy+4RHPd10s4KzeTnVr1c=
golang.org/x/net v0.19.0/go.mod h1:CfAk/cbD4CthTvqiEl8NpboMuiuOYsAr/7NOjZJtv1U=
