github.com/cdvelop/api v0.0.83 h1:poSuc0dH/dIO0LYk5EEe+ino1x2fjqESplWbjuV1Kb8=
github.com/cdvelop/cutkey v1.0.7 h1:2fcXb7YHHigiwlUQLN5qgJPPHA56WdtWI7JIpSboN68=
github.com/cdvelop/dbtools v0.0.76 h1:0tG7HfFyNfGjVCmVm9OenTvqU3PVXAVHowS3o0qyE9A=
github.com/cdvelop/fetchserver v0.0.21 h1:aPgS0I64JnJYbqTLdpIZRbyve5uPE6LzXI7WYeJvEiE=
github.com/cdvelop/fileinput v0.0.49 h1:zT8Z5Om/8AUkVEYbikEhWPmU1z2YJHFS1T6tH0SFlb8=
github.com/cdvelop/logserver v0.0.22 h1:gbR5TGUg7licGvGIe4hqCm/zDy0q2MWI9U7E4mXVBfY=
github.com/cdvelop/objectdb v0.0.102 h1:r4VN3vUkJNyaXA9/HjU521W8NFd2X53y5ax6CiB4DKA=
github.com/cdvelop/output v0.0.16 h1:4hmAy0kF98dVEWj2qq6fMtiq3pz1ZTDmxf9AgHiBb7g=
github.com/cdvelop/sqlite v0.0.95 h1:gc35//hCvwZ8bYjUsOgkVREaH9YF+P/CrAhpQQ7kmHc=
github.com/cdvelop/testools v0.0.64 h1:b5AcWR/hcnGj0vDfjUYsqewhwAvwN1BZ7pkR8+5HtbI=
github.com/cdvelop/timeserver v0.0.31 h1:+Yt1ydpmtNDMJbFu29hcnmkwtK+BW+gBQyhbVVAvnHg=
github.com/gabriel-vasile/mimetype v1.4.3 h1:in2uUcidCuFcDKtdcBxlR0rJ1+fsokWf+uqxgUFjbI0=
github.com/gabriel-vasile/mimetype v1.4.3/go.mod h1:d8uq/6HKRL6CGdk+aubisF/M5GcPfT7nKyLpA0lbSSk=
github.com/mattn/go-sqlite3 v1.14.19 h1:fhGleo2h1p8tVChob4I9HpmVFIAkKGpiukdrgQbWfGI=
golang.org/x/net v0.19.0 h1:zTwKpTd2XuCqf8huc7Fo2iSy+4RHPd10s4KzeTnVr1c=
golang.org/x/net v0.19.0/go.mod h1:CfAk/cbD4CthTvqiEl8NpboMuiuOYsAr/7NOjZJtv1U=
