github.com/cdvelop/api v0.0.109 h1:a/eL17vC3hKppvsWKHPQz/gD1E5lh6ieBVBntfsf8U4=
github.com/cdvelop/cutkey v1.0.15 h1:9shXpIJTbNHy/nEaI01V9uiwsJq75UiZN3DPtYtPVHM=
github.com/cdvelop/dbtools v0.0.81 h1:1l6Dk3D5drReyaxacIzSF+mrDRNk/J1DKZU8bQbyGVg=
github.com/cdvelop/fetchserver v0.0.26 h1:X/xPu+YkoUaxD5KNnkyZSSmXF4HF9xQ55/H8rRN/HXQ=
github.com/cdvelop/fileinput v0.0.74 h1:j8+waF1VI1FckaaMYGKYGl8l4CvHiOL8H84Jzwt3Gx0=
github.com/cdvelop/logserver v0.0.35 h1:+6GwgZqOZEsrqqp9sAecp9KrviBFUZoYXyTMFxah4+A=
github.com/cdvelop/objectdb v0.0.114 h1:rgaOdo5WdYZrcJbHMA2rE0P0EMIIotRR2fiiMtisE2A=
github.com/cdvelop/output v0.0.16 h1:4hmAy0kF98dVEWj2qq6fMtiq3pz1ZTDmxf9AgHiBb7g=
github.com/cdvelop/sqlite v0.0.105 h1:XnO5tOrlZO5i9lYz3bMGVOUiTXW8cJcwUdhr8frS0ss=
github.com/cdvelop/structs v0.0.1 h1:9H4JUJ/dK1zaUOpIgay4xZpP3O/Jh991nErccKknKZ8=
github.com/cdvelop/structs v0.0.1/go.mod h1:dvym7DUgaMRqhdcDTgCQNkbuhr+HqfwdaDMeZTmIWEI=
github.com/cdvelop/testools v0.0.86 h1:jnb9ziF5TcY1d4pycHQSM4C60uq105FqnezzfAZWCfw=
github.com/cdvelop/timeserver v0.0.32 h1:11K2TVGBPGfytpCeV4LP/KalLV+E0l6EBI9tijRXtYM=
github.com/gabriel-vasile/mimetype v1.4.3 h1:in2uUcidCuFcDKtdcBxlR0rJ1+fsokWf+uqxgUFjbI0=
github.com/gabriel-vasile/mimetype v1.4.3/go.mod h1:d8uq/6HKRL6CGdk+aubisF/M5GcPfT7nKyLpA0lbSSk=
github.com/mattn/go-sqlite3 v1.14.19 h1:fhGleo2h1p8tVChob4I9HpmVFIAkKGpiukdrgQbWfGI=
golang.org/x/net v0.20.0 h1:aCL9BSgETF1k+blQaYUBx9hJ9LOGP3gAVemcZlf1Kpo=
golang.org/x/net v0.20.0/go.mod h1:z8BVo6PvndSri0LbOE3hAn0apkU+1YvI6E70E9jsnvY=
